<Solution>
  <Project Path="NoBeard.Learn.AspNet.Business/NoBeard.Learn.AspNet.Business.csproj" Id="9888b38d-0fb4-45a3-8c3b-d8ed7298bc59">
    <Build Solution="Debug|*" Project="false" />
  </Project>
  <Project Path="NoBeard.Learn.AspNet.Data/NoBeard.Learn.AspNet.Data.csproj" Id="6cd36f58-f11f-4058-a408-7b4f042b7d90" />
  <Project Path="NoBeard.Learn.AspNet.MvcApp/NoBeard.Learn.AspNet.MvcApp.csproj" />
  <Project Path="NoBeard.Learn.AspNet.UnitTests/NoBeard.Learn.AspNet.UnitTests.csproj" Id="fda8700d-6f61-4367-a3a2-4072f30619ce" />
</Solution>
